
Microsoft Visual Studio Solution File, Format Version 12.00
# Visual Studio Version 17
VisualStudioVersion = 17.1.32407.343
MinimumVisualStudioVersion = 10.0.40219.1
Project("{778DAE3C-4631-46EA-AA77-85C1314464D9}") = "b2x", "b2x\b2x.vbproj", "{7E0503A8-C1F9-408A-98A1-AAB7B8BD7B08}"
EndProject
Project("{778DAE3C-4631-46EA-AA77-85C1314464D9}") = "BASIC", "BASIC\BASIC.vbproj", "{C8154C07-B532-47EC-9323-E4330DC28DA2}"
EndProject
Project("{F184B08F-C81C-45F6-A57F-5ABD9991F28F}") = "BASIC.Tests", "BASIC.Tests\BASIC.Tests.vbproj", "{5B7583A8-8376-416C-9E25-A03184427C1E}"
EndProject
Global
	GlobalSection(SolutionConfigurationPlatforms) = preSolution
		Debug|Any CPU = Debug|Any CPU
		Release|Any CPU = Release|Any CPU
	EndGlobalSection
	GlobalSection(ProjectConfigurationPlatforms) = postSolution
		{7E0503A8-C1F9-408A-98A1-AAB7B8BD7B08}.Debug|Any CPU.ActiveCfg = Debug|Any CPU
		{7E0503A8-C1F9-408A-98A1-AAB7B8BD7B08}.Debug|Any CPU.Build.0 = Debug|Any CPU
		{7E0503A8-C1F9-408A-98A1-AAB7B8BD7B08}.Release|Any CPU.ActiveCfg = Release|Any CPU
		{7E0503A8-C1F9-408A-98A1-AAB7B8BD7B08}.Release|Any CPU.Build.0 = Release|Any CPU
		{C8154C07-B532-47EC-9323-E4330DC28DA2}.Debug|Any CPU.ActiveCfg = Debug|Any CPU
		{C8154C07-B532-47EC-9323-E4330DC28DA2}.Debug|Any CPU.Build.0 = Debug|Any CPU
		{C8154C07-B532-47EC-9323-E4330DC28DA2}.Release|Any CPU.ActiveCfg = Release|Any CPU
		{C8154C07-B532-47EC-9323-E4330DC28DA2}.Release|Any CPU.Build.0 = Release|Any CPU
		{5B7583A8-8376-416C-9E25-A03184427C1E}.Debug|Any CPU.ActiveCfg = Debug|Any CPU
		{5B7583A8-8376-416C-9E25-A03184427C1E}.Debug|Any CPU.Build.0 = Debug|Any CPU
		{5B7583A8-8376-416C-9E25-A03184427C1E}.Release|Any CPU.ActiveCfg = Release|Any CPU
		{5B7583A8-8376-416C-9E25-A03184427C1E}.Release|Any CPU.Build.0 = Release|Any CPU
	EndGlobalSection
	GlobalSection(SolutionProperties) = preSolution
		HideSolutionNode = FALSE
	EndGlobalSection
	GlobalSection(ExtensibilityGlobals) = postSolution
		SolutionGuid = {6D6EE005-DF3A-4B2C-8F35-37E2700EBBDE}
	EndGlobalSection
EndGlobal
